
Microsoft Visual Studio Solution File, Format Version 9.00
# Visual Studio 2005
Project("{54435603-DBB4-11D2-8724-00A0C9A8B90C}") = "Wings of Fury 2", "Wings of Fury 2\Wings of Fury 2.vdproj", "{6C1896BA-6E02-43EB-B88F-453CE3BE7084}"
EndProject
Global
	GlobalSection(SolutionConfigurationPlatforms) = preSolution
		Debug|Default = Debug|Default
		Release|Default = Release|Default
	EndGlobalSection
	GlobalSection(ProjectConfigurationPlatforms) = postSolution
		{6C1896BA-6E02-43EB-B88F-453CE3BE7084}.Debug|Default.ActiveCfg = Debug
		{6C1896BA-6E02-43EB-B88F-453CE3BE7084}.Debug|Default.Build.0 = Debug
		{6C1896BA-6E02-43EB-B88F-453CE3BE7084}.Release|Default.ActiveCfg = Release
		{6C1896BA-6E02-43EB-B88F-453CE3BE7084}.Release|Default.Build.0 = Release
	EndGlobalSection
	GlobalSection(SolutionProperties) = preSolution
		HideSolutionNode = FALSE
	EndGlobalSection
EndGlobal
